
Microsoft Visual Studio Solution File, Format Version 12.00
# Visual Studio Version 17
VisualStudioVersion = 17.11.35312.102
MinimumVisualStudioVersion = 10.0.40219.1
Project("{FAE04EC0-301F-11D3-BF4B-00C04F79EFBC}") = "MandalorianoUI", "MandalorianoUI\MandalorianoUI.csproj", "{4D058A02-94DA-487E-9ADC-D857E83D8F5A}"
EndProject
Project("{FAE04EC0-301F-11D3-BF4B-00C04F79EFBC}") = "MandalorianoDAL", "MandalorianoDAL\MandalorianoDAL.csproj", "{AB5B1B0A-CDDF-4412-92C3-75F68EB479EE}"
EndProject
Project("{FAE04EC0-301F-11D3-BF4B-00C04F79EFBC}") = "MandalorianoBL", "MandalorianoBL\MandalorianoBL.csproj", "{D45C8C2B-DD70-4A58-B154-0944D430E514}"
EndProject
Project("{FAE04EC0-301F-11D3-BF4B-00C04F79EFBC}") = "MandalorianoENT", "MandalorianoENT\MandalorianoENT.csproj", "{51AD2341-A090-432C-83E3-FC17B264A0D9}"
EndProject
Global
	GlobalSection(SolutionConfigurationPlatforms) = preSolution
		Debug|Any CPU = Debug|Any CPU
		Release|Any CPU = Release|Any CPU
	EndGlobalSection
	GlobalSection(ProjectConfigurationPlatforms) = postSolution
		{4D058A02-94DA-487E-9ADC-D857E83D8F5A}.Debug|Any CPU.ActiveCfg = Debug|Any CPU
		{4D058A02-94DA-487E-9ADC-D857E83D8F5A}.Debug|Any CPU.Build.0 = Debug|Any CPU
		{4D058A02-94DA-487E-9ADC-D857E83D8F5A}.Release|Any CPU.ActiveCfg = Release|Any CPU
		{4D058A02-94DA-487E-9ADC-D857E83D8F5A}.Release|Any CPU.Build.0 = Release|Any CPU
		{AB5B1B0A-CDDF-4412-92C3-75F68EB479EE}.Debug|Any CPU.ActiveCfg = Debug|Any CPU
		{AB5B1B0A-CDDF-4412-92C3-75F68EB479EE}.Debug|Any CPU.Build.0 = Debug|Any CPU
		{AB5B1B0A-CDDF-4412-92C3-75F68EB479EE}.Release|Any CPU.ActiveCfg = Release|Any CPU
		{AB5B1B0A-CDDF-4412-92C3-75F68EB479EE}.Release|Any CPU.Build.0 = Release|Any CPU
		{D45C8C2B-DD70-4A58-B154-0944D430E514}.Debug|Any CPU.ActiveCfg = Debug|Any CPU
		{D45C8C2B-DD70-4A58-B154-0944D430E514}.Debug|Any CPU.Build.0 = Debug|Any CPU
		{D45C8C2B-DD70-4A58-B154-0944D430E514}.Release|Any CPU.ActiveCfg = Release|Any CPU
		{D45C8C2B-DD70-4A58-B154-0944D430E514}.Release|Any CPU.Build.0 = Release|Any CPU
		{51AD2341-A090-432C-83E3-FC17B264A0D9}.Debug|Any CPU.ActiveCfg = Debug|Any CPU
		{51AD2341-A090-432C-83E3-FC17B264A0D9}.Debug|Any CPU.Build.0 = Debug|Any CPU
		{51AD2341-A090-432C-83E3-FC17B264A0D9}.Release|Any CPU.ActiveCfg = Release|Any CPU
		{51AD2341-A090-432C-83E3-FC17B264A0D9}.Release|Any CPU.Build.0 = Release|Any CPU
	EndGlobalSection
	GlobalSection(SolutionProperties) = preSolution
		HideSolutionNode = FALSE
	EndGlobalSection
	GlobalSection(ExtensibilityGlobals) = postSolution
		SolutionGuid = {89D8CA25-448A-4742-A979-4017A069FBF6}
	EndGlobalSection
EndGlobal
